// !$*UTF8*$!
{
	archiveVersion = 1;
	classes = {
	};
	objectVersion = 56;
	objects = {

/* Begin PBXBuildFile section */
		016B9B9B2C0F0DB0009D2996 /* AppDelegate.swift in Sources */ = {isa = PBXBuildFile; fileRef = 016B9B9A2C0F0DB0009D2996 /* AppDelegate.swift */; };
		016B9B9D2C0F0DB0009D2996 /* SceneDelegate.swift in Sources */ = {isa = PBXBuildFile; fileRef = 016B9B9C2C0F0DB0009D2996 /* SceneDelegate.swift */; };
		016B9B9F2C0F0DB0009D2996 /* OnboardingViewController.swift in Sources */ = {isa = PBXBuildFile; fileRef = 016B9B9E2C0F0DB0009D2996 /* OnboardingViewController.swift */; };
		016B9BA42C0F0DB2009D2996 /* Assets.xcassets in Resources */ = {isa = PBXBuildFile; fileRef = 016B9BA32C0F0DB2009D2996 /* Assets.xcassets */; };
		016B9BA72C0F0DB2009D2996 /* Base in Resources */ = {isa = PBXBuildFile; fileRef = 016B9BA62C0F0DB2009D2996 /* Base */; };
		016B9BB02C0F0FCA009D2996 /* SnapKit in Frameworks */ = {isa = PBXBuildFile; productRef = 016B9BAF2C0F0FCA009D2996 /* SnapKit */; };
		016B9BB22C0F1737009D2996 /* MainViewController.swift in Sources */ = {isa = PBXBuildFile; fileRef = 016B9BB12C0F1737009D2996 /* MainViewController.swift */; };
		016B9BB42C0F2964009D2996 /* TabBarViewController.swift in Sources */ = {isa = PBXBuildFile; fileRef = 016B9BB32C0F2964009D2996 /* TabBarViewController.swift */; };
		016B9BB62C0F299B009D2996 /* ProfileViewController.swift in Sources */ = {isa = PBXBuildFile; fileRef = 016B9BB52C0F299B009D2996 /* ProfileViewController.swift */; };
		016B9BB82C0F2BA5009D2996 /* SearchViewController.swift in Sources */ = {isa = PBXBuildFile; fileRef = 016B9BB72C0F2BA5009D2996 /* SearchViewController.swift */; };
		016B9BEA2C103D40009D2996 /* LottoViewController.swift in Sources */ = {isa = PBXBuildFile; fileRef = 016B9BE92C103D40009D2996 /* LottoViewController.swift */; };
		016B9BED2C103D78009D2996 /* Alamofire in Frameworks */ = {isa = PBXBuildFile; productRef = 016B9BEC2C103D78009D2996 /* Alamofire */; };
		016B9BEF2C103FB5009D2996 /* .gitignore in Resources */ = {isa = PBXBuildFile; fileRef = 016B9BEE2C103FB5009D2996 /* .gitignore */; };
		016B9BF12C109062009D2996 /* LottoData.swift in Sources */ = {isa = PBXBuildFile; fileRef = 016B9BF02C109062009D2996 /* LottoData.swift */; };
		016B9BF52C10A193009D2996 /* APIKey.swift in Sources */ = {isa = PBXBuildFile; fileRef = 016B9BF42C10A193009D2996 /* APIKey.swift */; };
/* End PBXBuildFile section */

/* Begin PBXFileReference section */
		016B9B972C0F0DB0009D2996 /* CodeBase_Assignment.app */ = {isa = PBXFileReference; explicitFileType = wrapper.application; includeInIndex = 0; path = CodeBase_Assignment.app; sourceTree = BUILT_PRODUCTS_DIR; };
		016B9B9A2C0F0DB0009D2996 /* AppDelegate.swift */ = {isa = PBXFileReference; lastKnownFileType = sourcecode.swift; path = AppDelegate.swift; sourceTree = "<group>"; };
		016B9B9C2C0F0DB0009D2996 /* SceneDelegate.swift */ = {isa = PBXFileReference; lastKnownFileType = sourcecode.swift; path = SceneDelegate.swift; sourceTree = "<group>"; };
		016B9B9E2C0F0DB0009D2996 /* OnboardingViewController.swift */ = {isa = PBXFileReference; lastKnownFileType = sourcecode.swift; path = OnboardingViewController.swift; sourceTree = "<group>"; };
		016B9BA32C0F0DB2009D2996 /* Assets.xcassets */ = {isa = PBXFileReference; lastKnownFileType = folder.assetcatalog; path = Assets.xcassets; sourceTree = "<group>"; };
		016B9BA62C0F0DB2009D2996 /* Base */ = {isa = PBXFileReference; lastKnownFileType = file.storyboard; name = Base; path = Base.lproj/LaunchScreen.storyboard; sourceTree = "<group>"; };
		016B9BA82C0F0DB2009D2996 /* Info.plist */ = {isa = PBXFileReference; lastKnownFileType = text.plist.xml; path = Info.plist; sourceTree = "<group>"; };
		016B9BB12C0F1737009D2996 /* MainViewController.swift */ = {isa = PBXFileReference; lastKnownFileType = sourcecode.swift; path = MainViewController.swift; sourceTree = "<group>"; };
		016B9BB32C0F2964009D2996 /* TabBarViewController.swift */ = {isa = PBXFileReference; lastKnownFileType = sourcecode.swift; path = TabBarViewController.swift; sourceTree = "<group>"; };
		016B9BB52C0F299B009D2996 /* ProfileViewController.swift */ = {isa = PBXFileReference; lastKnownFileType = sourcecode.swift; path = ProfileViewController.swift; sourceTree = "<group>"; };
		016B9BB72C0F2BA5009D2996 /* SearchViewController.swift */ = {isa = PBXFileReference; lastKnownFileType = sourcecode.swift; path = SearchViewController.swift; sourceTree = "<group>"; };
		016B9BE92C103D40009D2996 /* LottoViewController.swift */ = {isa = PBXFileReference; lastKnownFileType = sourcecode.swift; path = LottoViewController.swift; sourceTree = "<group>"; };
		016B9BEE2C103FB5009D2996 /* .gitignore */ = {isa = PBXFileReference; lastKnownFileType = text; path = .gitignore; sourceTree = "<group>"; };
		016B9BF02C109062009D2996 /* LottoData.swift */ = {isa = PBXFileReference; lastKnownFileType = sourcecode.swift; path = LottoData.swift; sourceTree = "<group>"; };
		016B9BF42C10A193009D2996 /* APIKey.swift */ = {isa = PBXFileReference; lastKnownFileType = sourcecode.swift; path = APIKey.swift; sourceTree = "<group>"; };
/* End PBXFileReference section */

/* Begin PBXFrameworksBuildPhase section */
		016B9B942C0F0DB0009D2996 /* Frameworks */ = {
			isa = PBXFrameworksBuildPhase;
			buildActionMask = 2147483647;
			files = (
				016B9BB02C0F0FCA009D2996 /* SnapKit in Frameworks */,
				016B9BED2C103D78009D2996 /* Alamofire in Frameworks */,
			);
			runOnlyForDeploymentPostprocessing = 0;
		};
/* End PBXFrameworksBuildPhase section */

/* Begin PBXGroup section */
		016B9B8E2C0F0DAF009D2996 = {
			isa = PBXGroup;
			children = (
				016B9BEE2C103FB5009D2996 /* .gitignore */,
				016B9B992C0F0DB0009D2996 /* CodeBase_Assignment */,
				016B9B982C0F0DB0009D2996 /* Products */,
			);
			sourceTree = "<group>";
		};
		016B9B982C0F0DB0009D2996 /* Products */ = {
			isa = PBXGroup;
			children = (
				016B9B972C0F0DB0009D2996 /* CodeBase_Assignment.app */,
			);
			name = Products;
			sourceTree = "<group>";
		};
		016B9B992C0F0DB0009D2996 /* CodeBase_Assignment */ = {
			isa = PBXGroup;
			children = (
				016B9B9A2C0F0DB0009D2996 /* AppDelegate.swift */,
				016B9B9C2C0F0DB0009D2996 /* SceneDelegate.swift */,
				016B9B9E2C0F0DB0009D2996 /* OnboardingViewController.swift */,
				016B9BB12C0F1737009D2996 /* MainViewController.swift */,
				016B9BB72C0F2BA5009D2996 /* SearchViewController.swift */,
				016B9BB52C0F299B009D2996 /* ProfileViewController.swift */,
				016B9BB32C0F2964009D2996 /* TabBarViewController.swift */,
				016B9BE92C103D40009D2996 /* LottoViewController.swift */,
				016B9BF02C109062009D2996 /* LottoData.swift */,
				016B9BF42C10A193009D2996 /* APIKey.swift */,
				016B9BA32C0F0DB2009D2996 /* Assets.xcassets */,
				016B9BA52C0F0DB2009D2996 /* LaunchScreen.storyboard */,
				016B9BA82C0F0DB2009D2996 /* Info.plist */,
			);
			path = CodeBase_Assignment;
			sourceTree = "<group>";
		};
/* End PBXGroup section */

/* Begin PBXNativeTarget section */
		016B9B962C0F0DB0009D2996 /* CodeBase_Assignment */ = {
			isa = PBXNativeTarget;
			buildConfigurationList = 016B9BAB2C0F0DB2009D2996 /* Build configuration list for PBXNativeTarget "CodeBase_Assignment" */;
			buildPhases = (
				016B9B932C0F0DB0009D2996 /* Sources */,
				016B9B942C0F0DB0009D2996 /* Frameworks */,
				016B9B952C0F0DB0009D2996 /* Resources */,
			);
			buildRules = (
			);
			dependencies = (
			);
			name = CodeBase_Assignment;
			packageProductDependencies = (
				016B9BAF2C0F0FCA009D2996 /* SnapKit */,
				016B9BEC2C103D78009D2996 /* Alamofire */,
			);
			productName = SEOKFLIX;
			productReference = 016B9B972C0F0DB0009D2996 /* CodeBase_Assignment.app */;
			productType = "com.apple.product-type.application";
		};
/* End PBXNativeTarget section */

/* Begin PBXProject section */
		016B9B8F2C0F0DAF009D2996 /* Project object */ = {
			isa = PBXProject;
			attributes = {
				BuildIndependentTargetsInParallel = 1;
				LastSwiftUpdateCheck = 1530;
				LastUpgradeCheck = 1530;
				TargetAttributes = {
					016B9B962C0F0DB0009D2996 = {
						CreatedOnToolsVersion = 15.3;
					};
				};
			};
			buildConfigurationList = 016B9B922C0F0DAF009D2996 /* Build configuration list for PBXProject "CodeBase_Assignment" */;
			compatibilityVersion = "Xcode 14.0";
			developmentRegion = en;
			hasScannedForEncodings = 0;
			knownRegions = (
				en,
				Base,
			);
			mainGroup = 016B9B8E2C0F0DAF009D2996;
			packageReferences = (
				016B9BAE2C0F0FCA009D2996 /* XCRemoteSwiftPackageReference "SnapKit" */,
				016B9BEB2C103D78009D2996 /* XCRemoteSwiftPackageReference "Alamofire" */,
			);
			productRefGroup = 016B9B982C0F0DB0009D2996 /* Products */;
			projectDirPath = "";
			projectRoot = "";
			targets = (
				016B9B962C0F0DB0009D2996 /* CodeBase_Assignment */,
			);
		};
/* End PBXProject section */

/* Begin PBXResourcesBuildPhase section */
		016B9B952C0F0DB0009D2996 /* Resources */ = {
			isa = PBXResourcesBuildPhase;
			buildActionMask = 2147483647;
			files = (
				016B9BA42C0F0DB2009D2996 /* Assets.xcassets in Resources */,
				016B9BEF2C103FB5009D2996 /* .gitignore in Resources */,
				016B9BA72C0F0DB2009D2996 /* Base in Resources */,
			);
			runOnlyForDeploymentPostprocessing = 0;
		};
/* End PBXResourcesBuildPhase section */

/* Begin PBXSourcesBuildPhase section */
		016B9B932C0F0DB0009D2996 /* Sources */ = {
			isa = PBXSourcesBuildPhase;
			buildActionMask = 2147483647;
			files = (
				016B9BB62C0F299B009D2996 /* ProfileViewController.swift in Sources */,
				016B9BB82C0F2BA5009D2996 /* SearchViewController.swift in Sources */,
				016B9B9F2C0F0DB0009D2996 /* OnboardingViewController.swift in Sources */,
				016B9B9B2C0F0DB0009D2996 /* AppDelegate.swift in Sources */,
				016B9BF52C10A193009D2996 /* APIKey.swift in Sources */,
				016B9BF12C109062009D2996 /* LottoData.swift in Sources */,
				016B9B9D2C0F0DB0009D2996 /* SceneDelegate.swift in Sources */,
				016B9BEA2C103D40009D2996 /* LottoViewController.swift in Sources */,
				016B9BB42C0F2964009D2996 /* TabBarViewController.swift in Sources */,
				016B9BB22C0F1737009D2996 /* MainViewController.swift in Sources */,
			);
			runOnlyForDeploymentPostprocessing = 0;
		};
/* End PBXSourcesBuildPhase section */

/* Begin PBXVariantGroup section */
		016B9BA52C0F0DB2009D2996 /* LaunchScreen.storyboard */ = {
			isa = PBXVariantGroup;
			children = (
				016B9BA62C0F0DB2009D2996 /* Base */,
			);
			name = LaunchScreen.storyboard;
			sourceTree = "<group>";
		};
/* End PBXVariantGroup section */

/* Begin XCBuildConfiguration section */
		016B9BA92C0F0DB2009D2996 /* Debug */ = {
			isa = XCBuildConfiguration;
			buildSettings = {
				ALWAYS_SEARCH_USER_PATHS = NO;
				ASSETCATALOG_COMPILER_GENERATE_SWIFT_ASSET_SYMBOL_EXTENSIONS = YES;
				CLANG_ANALYZER_NONNULL = YES;
				CLANG_ANALYZER_NUMBER_OBJECT_CONVERSION = YES_AGGRESSIVE;
				CLANG_CXX_LANGUAGE_STANDARD = "gnu++20";
				CLANG_ENABLE_MODULES = YES;
				CLANG_ENABLE_OBJC_ARC = YES;
				CLANG_ENABLE_OBJC_WEAK = YES;
				CLANG_WARN_BLOCK_CAPTURE_AUTORELEASING = YES;
				CLANG_WARN_BOOL_CONVERSION = YES;
				CLANG_WARN_COMMA = YES;
				CLANG_WARN_CONSTANT_CONVERSION = YES;
				CLANG_WARN_DEPRECATED_OBJC_IMPLEMENTATIONS = YES;
				CLANG_WARN_DIRECT_OBJC_ISA_USAGE = YES_ERROR;
				CLANG_WARN_DOCUMENTATION_COMMENTS = YES;
				CLANG_WARN_EMPTY_BODY = YES;
				CLANG_WARN_ENUM_CONVERSION = YES;
				CLANG_WARN_INFINITE_RECURSION = YES;
				CLANG_WARN_INT_CONVERSION = YES;
				CLANG_WARN_NON_LITERAL_NULL_CONVERSION = YES;
				CLANG_WARN_OBJC_IMPLICIT_RETAIN_SELF = YES;
				CLANG_WARN_OBJC_LITERAL_CONVERSION = YES;
				CLANG_WARN_OBJC_ROOT_CLASS = YES_ERROR;
				CLANG_WARN_QUOTED_INCLUDE_IN_FRAMEWORK_HEADER = YES;
				CLANG_WARN_RANGE_LOOP_ANALYSIS = YES;
				CLANG_WARN_STRICT_PROTOTYPES = YES;
				CLANG_WARN_SUSPICIOUS_MOVE = YES;
				CLANG_WARN_UNGUARDED_AVAILABILITY = YES_AGGRESSIVE;
				CLANG_WARN_UNREACHABLE_CODE = YES;
				CLANG_WARN__DUPLICATE_METHOD_MATCH = YES;
				COPY_PHASE_STRIP = NO;
				DEBUG_INFORMATION_FORMAT = dwarf;
				ENABLE_STRICT_OBJC_MSGSEND = YES;
				ENABLE_TESTABILITY = YES;
				ENABLE_USER_SCRIPT_SANDBOXING = YES;
				GCC_C_LANGUAGE_STANDARD = gnu17;
				GCC_DYNAMIC_NO_PIC = NO;
				GCC_NO_COMMON_BLOCKS = YES;
				GCC_OPTIMIZATION_LEVEL = 0;
				GCC_PREPROCESSOR_DEFINITIONS = (
					"DEBUG=1",
					"$(inherited)",
				);
				GCC_WARN_64_TO_32_BIT_CONVERSION = YES;
				GCC_WARN_ABOUT_RETURN_TYPE = YES_ERROR;
				GCC_WARN_UNDECLARED_SELECTOR = YES;
				GCC_WARN_UNINITIALIZED_AUTOS = YES_AGGRESSIVE;
				GCC_WARN_UNUSED_FUNCTION = YES;
				GCC_WARN_UNUSED_VARIABLE = YES;
				IPHONEOS_DEPLOYMENT_TARGET = 17.4;
				LOCALIZATION_PREFERS_STRING_CATALOGS = YES;
				MTL_ENABLE_DEBUG_INFO = INCLUDE_SOURCE;
				MTL_FAST_MATH = YES;
				ONLY_ACTIVE_ARCH = YES;
				SDKROOT = iphoneos;
				SWIFT_ACTIVE_COMPILATION_CONDITIONS = "DEBUG $(inherited)";
				SWIFT_OPTIMIZATION_LEVEL = "-Onone";
			};
			name = Debug;
		};
		016B9BAA2C0F0DB2009D2996 /* Release */ = {
			isa = XCBuildConfiguration;
			buildSettings = {
				ALWAYS_SEARCH_USER_PATHS = NO;
				ASSETCATALOG_COMPILER_GENERATE_SWIFT_ASSET_SYMBOL_EXTENSIONS = YES;
				CLANG_ANALYZER_NONNULL = YES;
				CLANG_ANALYZER_NUMBER_OBJECT_CONVERSION = YES_AGGRESSIVE;
				CLANG_CXX_LANGUAGE_STANDARD = "gnu++20";
				CLANG_ENABLE_MODULES = YES;
				CLANG_ENABLE_OBJC_ARC = YES;
				CLANG_ENABLE_OBJC_WEAK = YES;
				CLANG_WARN_BLOCK_CAPTURE_AUTORELEASING = YES;
				CLANG_WARN_BOOL_CONVERSION = YES;
				CLANG_WARN_COMMA = YES;
				CLANG_WARN_CONSTANT_CONVERSION = YES;
				CLANG_WARN_DEPRECATED_OBJC_IMPLEMENTATIONS = YES;
				CLANG_WARN_DIRECT_OBJC_ISA_USAGE = YES_ERROR;
				CLANG_WARN_DOCUMENTATION_COMMENTS = YES;
				CLANG_WARN_EMPTY_BODY = YES;
				CLANG_WARN_ENUM_CONVERSION = YES;
				CLANG_WARN_INFINITE_RECURSION = YES;
				CLANG_WARN_INT_CONVERSION = YES;
				CLANG_WARN_NON_LITERAL_NULL_CONVERSION = YES;
				CLANG_WARN_OBJC_IMPLICIT_RETAIN_SELF = YES;
				CLANG_WARN_OBJC_LITERAL_CONVERSION = YES;
				CLANG_WARN_OBJC_ROOT_CLASS = YES_ERROR;
				CLANG_WARN_QUOTED_INCLUDE_IN_FRAMEWORK_HEADER = YES;
				CLANG_WARN_RANGE_LOOP_ANALYSIS = YES;
				CLANG_WARN_STRICT_PROTOTYPES = YES;
				CLANG_WARN_SUSPICIOUS_MOVE = YES;
				CLANG_WARN_UNGUARDED_AVAILABILITY = YES_AGGRESSIVE;
				CLANG_WARN_UNREACHABLE_CODE = YES;
				CLANG_WARN__DUPLICATE_METHOD_MATCH = YES;
				COPY_PHASE_STRIP = NO;
				DEBUG_INFORMATION_FORMAT = "dwarf-with-dsym";
				ENABLE_NS_ASSERTIONS = NO;
				ENABLE_STRICT_OBJC_MSGSEND = YES;
				ENABLE_USER_SCRIPT_SANDBOXING = YES;
				GCC_C_LANGUAGE_STANDARD = gnu17;
				GCC_NO_COMMON_BLOCKS = YES;
				GCC_WARN_64_TO_32_BIT_CONVERSION = YES;
				GCC_WARN_ABOUT_RETURN_TYPE = YES_ERROR;
				GCC_WARN_UNDECLARED_SELECTOR = YES;
				GCC_WARN_UNINITIALIZED_AUTOS = YES_AGGRESSIVE;
				GCC_WARN_UNUSED_FUNCTION = YES;
				GCC_WARN_UNUSED_VARIABLE = YES;
				IPHONEOS_DEPLOYMENT_TARGET = 17.4;
				LOCALIZATION_PREFERS_STRING_CATALOGS = YES;
				MTL_ENABLE_DEBUG_INFO = NO;
				MTL_FAST_MATH = YES;
				SDKROOT = iphoneos;
				SWIFT_COMPILATION_MODE = wholemodule;
				VALIDATE_PRODUCT = YES;
			};
			name = Release;
		};
		016B9BAC2C0F0DB2009D2996 /* Debug */ = {
			isa = XCBuildConfiguration;
			buildSettings = {
				ASSETCATALOG_COMPILER_APPICON_NAME = AppIcon;
				ASSETCATALOG_COMPILER_GLOBAL_ACCENT_COLOR_NAME = AccentColor;
				CODE_SIGN_STYLE = Automatic;
				CURRENT_PROJECT_VERSION = 1;
				DEVELOPMENT_TEAM = 7S6PH8TVFD;
				GENERATE_INFOPLIST_FILE = YES;
				INFOPLIST_FILE = CodeBase_Assignment/Info.plist;
				INFOPLIST_KEY_UIApplicationSupportsIndirectInputEvents = YES;
				INFOPLIST_KEY_UILaunchStoryboardName = LaunchScreen;
				INFOPLIST_KEY_UISupportedInterfaceOrientations = UIInterfaceOrientationPortrait;
				INFOPLIST_KEY_UISupportedInterfaceOrientations_iPad = "UIInterfaceOrientationLandscapeLeft UIInterfaceOrientationLandscapeRight UIInterfaceOrientationPortrait UIInterfaceOrientationPortraitUpsideDown";
				IPHONEOS_DEPLOYMENT_TARGET = 17.0;
				LD_RUNPATH_SEARCH_PATHS = (
					"$(inherited)",
					"@executable_path/Frameworks",
				);
				MARKETING_VERSION = 1.0;
				PRODUCT_BUNDLE_IDENTIFIER = com.seokho.CodeBase_Assignment;
				PRODUCT_NAME = "$(TARGET_NAME)";
				SUPPORTED_PLATFORMS = "iphoneos iphonesimulator";
				SUPPORTS_MACCATALYST = NO;
				SUPPORTS_MAC_DESIGNED_FOR_IPHONE_IPAD = NO;
				SUPPORTS_XR_DESIGNED_FOR_IPHONE_IPAD = NO;
				SWIFT_EMIT_LOC_STRINGS = YES;
				SWIFT_VERSION = 5.0;
				TARGETED_DEVICE_FAMILY = 1;
			};
			name = Debug;
		};
		016B9BAD2C0F0DB2009D2996 /* Release */ = {
			isa = XCBuildConfiguration;
			buildSettings = {
				ASSETCATALOG_COMPILER_APPICON_NAME = AppIcon;
				ASSETCATALOG_COMPILER_GLOBAL_ACCENT_COLOR_NAME = AccentColor;
				CODE_SIGN_STYLE = Automatic;
				CURRENT_PROJECT_VERSION = 1;
				DEVELOPMENT_TEAM = 7S6PH8TVFD;
				GENERATE_INFOPLIST_FILE = YES;
				INFOPLIST_FILE = CodeBase_Assignment/Info.plist;
				INFOPLIST_KEY_UIApplicationSupportsIndirectInputEvents = YES;
				INFOPLIST_KEY_UILaunchStoryboardName = LaunchScreen;
				INFOPLIST_KEY_UISupportedInterfaceOrientations = UIInterfaceOrientationPortrait;
				INFOPLIST_KEY_UISupportedInterfaceOrientations_iPad = "UIInterfaceOrientationLandscapeLeft UIInterfaceOrientationLandscapeRight UIInterfaceOrientationPortrait UIInterfaceOrientationPortraitUpsideDown";
				IPHONEOS_DEPLOYMENT_TARGET = 17.0;
				LD_RUNPATH_SEARCH_PATHS = (
					"$(inherited)",
					"@executable_path/Frameworks",
				);
				MARKETING_VERSION = 1.0;
				PRODUCT_BUNDLE_IDENTIFIER = com.seokho.CodeBase_Assignment;
				PRODUCT_NAME = "$(TARGET_NAME)";
				SUPPORTED_PLATFORMS = "iphoneos iphonesimulator";
				SUPPORTS_MACCATALYST = NO;
				SUPPORTS_MAC_DESIGNED_FOR_IPHONE_IPAD = NO;
				SUPPORTS_XR_DESIGNED_FOR_IPHONE_IPAD = NO;
				SWIFT_EMIT_LOC_STRINGS = YES;
				SWIFT_VERSION = 5.0;
				TARGETED_DEVICE_FAMILY = 1;
			};
			name = Release;
		};
/* End XCBuildConfiguration section */

/* Begin XCConfigurationList section */
		016B9B922C0F0DAF009D2996 /* Build configuration list for PBXProject "CodeBase_Assignment" */ = {
			isa = XCConfigurationList;
			buildConfigurations = (
				016B9BA92C0F0DB2009D2996 /* Debug */,
				016B9BAA2C0F0DB2009D2996 /* Release */,
			);
			defaultConfigurationIsVisible = 0;
			defaultConfigurationName = Release;
		};
		016B9BAB2C0F0DB2009D2996 /* Build configuration list for PBXNativeTarget "CodeBase_Assignment" */ = {
			isa = XCConfigurationList;
			buildConfigurations = (
				016B9BAC2C0F0DB2009D2996 /* Debug */,
				016B9BAD2C0F0DB2009D2996 /* Release */,
			);
			defaultConfigurationIsVisible = 0;
			defaultConfigurationName = Release;
		};
/* End XCConfigurationList section */

/* Begin XCRemoteSwiftPackageReference section */
		016B9BAE2C0F0FCA009D2996 /* XCRemoteSwiftPackageReference "SnapKit" */ = {
			isa = XCRemoteSwiftPackageReference;
			repositoryURL = "https://github.com/SnapKit/SnapKit";
			requirement = {
				kind = upToNextMajorVersion;
				minimumVersion = 5.7.1;
			};
		};
		016B9BEB2C103D78009D2996 /* XCRemoteSwiftPackageReference "Alamofire" */ = {
			isa = XCRemoteSwiftPackageReference;
			repositoryURL = "https://github.com/Alamofire/Alamofire.git";
			requirement = {
				kind = upToNextMajorVersion;
				minimumVersion = 5.9.1;
			};
		};
/* End XCRemoteSwiftPackageReference section */

/* Begin XCSwiftPackageProductDependency section */
		016B9BAF2C0F0FCA009D2996 /* SnapKit */ = {
			isa = XCSwiftPackageProductDependency;
			package = 016B9BAE2C0F0FCA009D2996 /* XCRemoteSwiftPackageReference "SnapKit" */;
			productName = SnapKit;
		};
		016B9BEC2C103D78009D2996 /* Alamofire */ = {
			isa = XCSwiftPackageProductDependency;
			package = 016B9BEB2C103D78009D2996 /* XCRemoteSwiftPackageReference "Alamofire" */;
			productName = Alamofire;
		};
/* End XCSwiftPackageProductDependency section */
	};
	rootObject = 016B9B8F2C0F0DAF009D2996 /* Project object */;
}
